// !$*UTF8*$!
{
	archiveVersion = 1;
	classes = {
	};
	objectVersion = 50;
	objects = {

/* Begin PBXBuildFile section */
		FE10E8222BD1C0BD007C397F /* AppDelegate.swift in Sources */ = {isa = PBXBuildFile; fileRef = FE10E8212BD1C0BD007C397F /* AppDelegate.swift */; };
		FE10E8242BD1C0BD007C397F /* Assets.xcassets in Resources */ = {isa = PBXBuildFile; fileRef = FE10E8232BD1C0BD007C397F /* Assets.xcassets */; };
		FE10E8272BD1C0BD007C397F /* MainMenu.xib in Resources */ = {isa = PBXBuildFile; fileRef = FE10E8252BD1C0BD007C397F /* MainMenu.xib */; };
		FE10E8332BD1C0BE007C397F /* DirtyJSONMacOSAppDemoTests.swift in Sources */ = {isa = PBXBuildFile; fileRef = FE10E8322BD1C0BE007C397F /* DirtyJSONMacOSAppDemoTests.swift */; };
		FE10E83E2BD1C0BE007C397F /* DirtyJSONMacOSAppDemoUITests.swift in Sources */ = {isa = PBXBuildFile; fileRef = FE10E83D2BD1C0BE007C397F /* DirtyJSONMacOSAppDemoUITests.swift */; };
/* End PBXBuildFile section */

/* Begin PBXContainerItemProxy section */
		FE10E82F2BD1C0BE007C397F /* PBXContainerItemProxy */ = {
			isa = PBXContainerItemProxy;
			containerPortal = FE10E8162BD1C0BD007C397F /* Project object */;
			proxyType = 1;
			remoteGlobalIDString = FE10E81D2BD1C0BD007C397F;
			remoteInfo = DirtyJSONMacOSAppDemo;
		};
		FE10E83A2BD1C0BE007C397F /* PBXContainerItemProxy */ = {
			isa = PBXContainerItemProxy;
			containerPortal = FE10E8162BD1C0BD007C397F /* Project object */;
			proxyType = 1;
			remoteGlobalIDString = FE10E81D2BD1C0BD007C397F;
			remoteInfo = DirtyJSONMacOSAppDemo;
		};
/* End PBXContainerItemProxy section */

/* Begin PBXFileReference section */
		FE10E81E2BD1C0BD007C397F /* DirtyJSONMacOSAppDemo.app */ = {isa = PBXFileReference; explicitFileType = wrapper.application; includeInIndex = 0; path = DirtyJSONMacOSAppDemo.app; sourceTree = BUILT_PRODUCTS_DIR; };
		FE10E8212BD1C0BD007C397F /* AppDelegate.swift */ = {isa = PBXFileReference; lastKnownFileType = sourcecode.swift; path = AppDelegate.swift; sourceTree = "<group>"; };
		FE10E8232BD1C0BD007C397F /* Assets.xcassets */ = {isa = PBXFileReference; lastKnownFileType = folder.assetcatalog; path = Assets.xcassets; sourceTree = "<group>"; };
		FE10E8262BD1C0BD007C397F /* Base */ = {isa = PBXFileReference; lastKnownFileType = file.xib; name = Base; path = Base.lproj/MainMenu.xib; sourceTree = "<group>"; };
		FE10E8282BD1C0BD007C397F /* Info.plist */ = {isa = PBXFileReference; lastKnownFileType = text.plist.xml; path = Info.plist; sourceTree = "<group>"; };
		FE10E8292BD1C0BD007C397F /* DirtyJSONMacOSAppDemo.entitlements */ = {isa = PBXFileReference; lastKnownFileType = text.plist.entitlements; path = DirtyJSONMacOSAppDemo.entitlements; sourceTree = "<group>"; };
		FE10E82E2BD1C0BE007C397F /* DirtyJSONMacOSAppDemoTests.xctest */ = {isa = PBXFileReference; explicitFileType = wrapper.cfbundle; includeInIndex = 0; path = DirtyJSONMacOSAppDemoTests.xctest; sourceTree = BUILT_PRODUCTS_DIR; };
		FE10E8322BD1C0BE007C397F /* DirtyJSONMacOSAppDemoTests.swift */ = {isa = PBXFileReference; lastKnownFileType = sourcecode.swift; path = DirtyJSONMacOSAppDemoTests.swift; sourceTree = "<group>"; };
		FE10E8342BD1C0BE007C397F /* Info.plist */ = {isa = PBXFileReference; lastKnownFileType = text.plist.xml; path = Info.plist; sourceTree = "<group>"; };
		FE10E8392BD1C0BE007C397F /* DirtyJSONMacOSAppDemoUITests.xctest */ = {isa = PBXFileReference; explicitFileType = wrapper.cfbundle; includeInIndex = 0; path = DirtyJSONMacOSAppDemoUITests.xctest; sourceTree = BUILT_PRODUCTS_DIR; };
		FE10E83D2BD1C0BE007C397F /* DirtyJSONMacOSAppDemoUITests.swift */ = {isa = PBXFileReference; lastKnownFileType = sourcecode.swift; path = DirtyJSONMacOSAppDemoUITests.swift; sourceTree = "<group>"; };
		FE10E83F2BD1C0BE007C397F /* Info.plist */ = {isa = PBXFileReference; lastKnownFileType = text.plist.xml; path = Info.plist; sourceTree = "<group>"; };
/* End PBXFileReference section */

/* Begin PBXFrameworksBuildPhase section */
		FE10E81B2BD1C0BD007C397F /* Frameworks */ = {
			isa = PBXFrameworksBuildPhase;
			buildActionMask = 2147483647;
			files = (
			);
			runOnlyForDeploymentPostprocessing = 0;
		};
		FE10E82B2BD1C0BE007C397F /* Frameworks */ = {
			isa = PBXFrameworksBuildPhase;
			buildActionMask = 2147483647;
			files = (
			);
			runOnlyForDeploymentPostprocessing = 0;
		};
		FE10E8362BD1C0BE007C397F /* Frameworks */ = {
			isa = PBXFrameworksBuildPhase;
			buildActionMask = 2147483647;
			files = (
			);
			runOnlyForDeploymentPostprocessing = 0;
		};
/* End PBXFrameworksBuildPhase section */

/* Begin PBXGroup section */
		FE10E8152BD1C0BD007C397F = {
			isa = PBXGroup;
			children = (
				FE10E8202BD1C0BD007C397F /* DirtyJSONMacOSAppDemo */,
				FE10E8312BD1C0BE007C397F /* DirtyJSONMacOSAppDemoTests */,
				FE10E83C2BD1C0BE007C397F /* DirtyJSONMacOSAppDemoUITests */,
				FE10E81F2BD1C0BD007C397F /* Products */,
			);
			sourceTree = "<group>";
		};
		FE10E81F2BD1C0BD007C397F /* Products */ = {
			isa = PBXGroup;
			children = (
				FE10E81E2BD1C0BD007C397F /* DirtyJSONMacOSAppDemo.app */,
				FE10E82E2BD1C0BE007C397F /* DirtyJSONMacOSAppDemoTests.xctest */,
				FE10E8392BD1C0BE007C397F /* DirtyJSONMacOSAppDemoUITests.xctest */,
			);
			name = Products;
			sourceTree = "<group>";
		};
		FE10E8202BD1C0BD007C397F /* DirtyJSONMacOSAppDemo */ = {
			isa = PBXGroup;
			children = (
				FE10E8212BD1C0BD007C397F /* AppDelegate.swift */,
				FE10E8232BD1C0BD007C397F /* Assets.xcassets */,
				FE10E8252BD1C0BD007C397F /* MainMenu.xib */,
				FE10E8282BD1C0BD007C397F /* Info.plist */,
				FE10E8292BD1C0BD007C397F /* DirtyJSONMacOSAppDemo.entitlements */,
			);
			path = DirtyJSONMacOSAppDemo;
			sourceTree = "<group>";
		};
		FE10E8312BD1C0BE007C397F /* DirtyJSONMacOSAppDemoTests */ = {
			isa = PBXGroup;
			children = (
				FE10E8322BD1C0BE007C397F /* DirtyJSONMacOSAppDemoTests.swift */,
				FE10E8342BD1C0BE007C397F /* Info.plist */,
			);
			path = DirtyJSONMacOSAppDemoTests;
			sourceTree = "<group>";
		};
		FE10E83C2BD1C0BE007C397F /* DirtyJSONMacOSAppDemoUITests */ = {
			isa = PBXGroup;
			children = (
				FE10E83D2BD1C0BE007C397F /* DirtyJSONMacOSAppDemoUITests.swift */,
				FE10E83F2BD1C0BE007C397F /* Info.plist */,
			);
			path = DirtyJSONMacOSAppDemoUITests;
			sourceTree = "<group>";
		};
/* End PBXGroup section */

/* Begin PBXNativeTarget section */
		FE10E81D2BD1C0BD007C397F /* DirtyJSONMacOSAppDemo */ = {
			isa = PBXNativeTarget;
			buildConfigurationList = FE10E8422BD1C0BE007C397F /* Build configuration list for PBXNativeTarget "DirtyJSONMacOSAppDemo" */;
			buildPhases = (
				FE10E81A2BD1C0BD007C397F /* Sources */,
				FE10E81B2BD1C0BD007C397F /* Frameworks */,
				FE10E81C2BD1C0BD007C397F /* Resources */,
			);
			buildRules = (
			);
			dependencies = (
			);
			name = DirtyJSONMacOSAppDemo;
			productName = DirtyJSONMacOSAppDemo;
			productReference = FE10E81E2BD1C0BD007C397F /* DirtyJSONMacOSAppDemo.app */;
			productType = "com.apple.product-type.application";
		};
		FE10E82D2BD1C0BE007C397F /* DirtyJSONMacOSAppDemoTests */ = {
			isa = PBXNativeTarget;
			buildConfigurationList = FE10E8452BD1C0BE007C397F /* Build configuration list for PBXNativeTarget "DirtyJSONMacOSAppDemoTests" */;
			buildPhases = (
				FE10E82A2BD1C0BE007C397F /* Sources */,
				FE10E82B2BD1C0BE007C397F /* Frameworks */,
				FE10E82C2BD1C0BE007C397F /* Resources */,
			);
			buildRules = (
			);
			dependencies = (
				FE10E8302BD1C0BE007C397F /* PBXTargetDependency */,
			);
			name = DirtyJSONMacOSAppDemoTests;
			productName = DirtyJSONMacOSAppDemoTests;
			productReference = FE10E82E2BD1C0BE007C397F /* DirtyJSONMacOSAppDemoTests.xctest */;
			productType = "com.apple.product-type.bundle.unit-test";
		};
		FE10E8382BD1C0BE007C397F /* DirtyJSONMacOSAppDemoUITests */ = {
			isa = PBXNativeTarget;
			buildConfigurationList = FE10E8482BD1C0BE007C397F /* Build configuration list for PBXNativeTarget "DirtyJSONMacOSAppDemoUITests" */;
			buildPhases = (
				FE10E8352BD1C0BE007C397F /* Sources */,
				FE10E8362BD1C0BE007C397F /* Frameworks */,
				FE10E8372BD1C0BE007C397F /* Resources */,
			);
			buildRules = (
			);
			dependencies = (
				FE10E83B2BD1C0BE007C397F /* PBXTargetDependency */,
			);
			name = DirtyJSONMacOSAppDemoUITests;
			productName = DirtyJSONMacOSAppDemoUITests;
			productReference = FE10E8392BD1C0BE007C397F /* DirtyJSONMacOSAppDemoUITests.xctest */;
			productType = "com.apple.product-type.bundle.ui-testing";
		};
/* End PBXNativeTarget section */

/* Begin PBXProject section */
		FE10E8162BD1C0BD007C397F /* Project object */ = {
			isa = PBXProject;
			attributes = {
				LastSwiftUpdateCheck = 1130;
				LastUpgradeCheck = 1130;
				ORGANIZATIONNAME = wuyu;
				TargetAttributes = {
					FE10E81D2BD1C0BD007C397F = {
						CreatedOnToolsVersion = 11.3.1;
					};
					FE10E82D2BD1C0BE007C397F = {
						CreatedOnToolsVersion = 11.3.1;
						TestTargetID = FE10E81D2BD1C0BD007C397F;
					};
					FE10E8382BD1C0BE007C397F = {
						CreatedOnToolsVersion = 11.3.1;
						TestTargetID = FE10E81D2BD1C0BD007C397F;
					};
				};
			};
			buildConfigurationList = FE10E8192BD1C0BD007C397F /* Build configuration list for PBXProject "DirtyJSONMacOSAppDemo" */;
			compatibilityVersion = "Xcode 9.3";
			developmentRegion = en;
			hasScannedForEncodings = 0;
			knownRegions = (
				en,
				Base,
			);
			mainGroup = FE10E8152BD1C0BD007C397F;
			productRefGroup = FE10E81F2BD1C0BD007C397F /* Products */;
			projectDirPath = "";
			projectRoot = "";
			targets = (
				FE10E81D2BD1C0BD007C397F /* DirtyJSONMacOSAppDemo */,
				FE10E82D2BD1C0BE007C397F /* DirtyJSONMacOSAppDemoTests */,
				FE10E8382BD1C0BE007C397F /* DirtyJSONMacOSAppDemoUITests */,
			);
		};
/* End PBXProject section */

/* Begin PBXResourcesBuildPhase section */
		FE10E81C2BD1C0BD007C397F /* Resources */ = {
			isa = PBXResourcesBuildPhase;
			buildActionMask = 2147483647;
			files = (
				FE10E8242BD1C0BD007C397F /* Assets.xcassets in Resources */,
				FE10E8272BD1C0BD007C397F /* MainMenu.xib in Resources */,
			);
			runOnlyForDeploymentPostprocessing = 0;
		};
		FE10E82C2BD1C0BE007C397F /* Resources */ = {
			isa = PBXResourcesBuildPhase;
			buildActionMask = 2147483647;
			files = (
			);
			runOnlyForDeploymentPostprocessing = 0;
		};
		FE10E8372BD1C0BE007C397F /* Resources */ = {
			isa = PBXResourcesBuildPhase;
			buildActionMask = 2147483647;
			files = (
			);
			runOnlyForDeploymentPostprocessing = 0;
		};
/* End PBXResourcesBuildPhase section */

/* Begin PBXSourcesBuildPhase section */
		FE10E81A2BD1C0BD007C397F /* Sources */ = {
			isa = PBXSourcesBuildPhase;
			buildActionMask = 2147483647;
			files = (
				FE10E8222BD1C0BD007C397F /* AppDelegate.swift in Sources */,
			);
			runOnlyForDeploymentPostprocessing = 0;
		};
		FE10E82A2BD1C0BE007C397F /* Sources */ = {
			isa = PBXSourcesBuildPhase;
			buildActionMask = 2147483647;
			files = (
				FE10E8332BD1C0BE007C397F /* DirtyJSONMacOSAppDemoTests.swift in Sources */,
			);
			runOnlyForDeploymentPostprocessing = 0;
		};
		FE10E8352BD1C0BE007C397F /* Sources */ = {
			isa = PBXSourcesBuildPhase;
			buildActionMask = 2147483647;
			files = (
				FE10E83E2BD1C0BE007C397F /* DirtyJSONMacOSAppDemoUITests.swift in Sources */,
			);
			runOnlyForDeploymentPostprocessing = 0;
		};
/* End PBXSourcesBuildPhase section */

/* Begin PBXTargetDependency section */
		FE10E8302BD1C0BE007C397F /* PBXTargetDependency */ = {
			isa = PBXTargetDependency;
			target = FE10E81D2BD1C0BD007C397F /* DirtyJSONMacOSAppDemo */;
			targetProxy = FE10E82F2BD1C0BE007C397F /* PBXContainerItemProxy */;
		};
		FE10E83B2BD1C0BE007C397F /* PBXTargetDependency */ = {
			isa = PBXTargetDependency;
			target = FE10E81D2BD1C0BD007C397F /* DirtyJSONMacOSAppDemo */;
			targetProxy = FE10E83A2BD1C0BE007C397F /* PBXContainerItemProxy */;
		};
/* End PBXTargetDependency section */

/* Begin PBXVariantGroup section */
		FE10E8252BD1C0BD007C397F /* MainMenu.xib */ = {
			isa = PBXVariantGroup;
			children = (
				FE10E8262BD1C0BD007C397F /* Base */,
			);
			name = MainMenu.xib;
			sourceTree = "<group>";
		};
/* End PBXVariantGroup section */

/* Begin XCBuildConfiguration section */
		FE10E8402BD1C0BE007C397F /* Debug */ = {
			isa = XCBuildConfiguration;
			buildSettings = {
				ALWAYS_SEARCH_USER_PATHS = NO;
				CLANG_ANALYZER_NONNULL = YES;
				CLANG_ANALYZER_NUMBER_OBJECT_CONVERSION = YES_AGGRESSIVE;
				CLANG_CXX_LANGUAGE_STANDARD = "gnu++14";
				CLANG_CXX_LIBRARY = "libc++";
				CLANG_ENABLE_MODULES = YES;
				CLANG_ENABLE_OBJC_ARC = YES;
				CLANG_ENABLE_OBJC_WEAK = YES;
				CLANG_WARN_BLOCK_CAPTURE_AUTORELEASING = YES;
				CLANG_WARN_BOOL_CONVERSION = YES;
				CLANG_WARN_COMMA = YES;
				CLANG_WARN_CONSTANT_CONVERSION = YES;
				CLANG_WARN_DEPRECATED_OBJC_IMPLEMENTATIONS = YES;
				CLANG_WARN_DIRECT_OBJC_ISA_USAGE = YES_ERROR;
				CLANG_WARN_DOCUMENTATION_COMMENTS = YES;
				CLANG_WARN_EMPTY_BODY = YES;
				CLANG_WARN_ENUM_CONVERSION = YES;
				CLANG_WARN_INFINITE_RECURSION = YES;
				CLANG_WARN_INT_CONVERSION = YES;
				CLANG_WARN_NON_LITERAL_NULL_CONVERSION = YES;
				CLANG_WARN_OBJC_IMPLICIT_RETAIN_SELF = YES;
				CLANG_WARN_OBJC_LITERAL_CONVERSION = YES;
				CLANG_WARN_OBJC_ROOT_CLASS = YES_ERROR;
				CLANG_WARN_RANGE_LOOP_ANALYSIS = YES;
				CLANG_WARN_STRICT_PROTOTYPES = YES;
				CLANG_WARN_SUSPICIOUS_MOVE = YES;
				CLANG_WARN_UNGUARDED_AVAILABILITY = YES_AGGRESSIVE;
				CLANG_WARN_UNREACHABLE_CODE = YES;
				CLANG_WARN__DUPLICATE_METHOD_MATCH = YES;
				COPY_PHASE_STRIP = NO;
				DEBUG_INFORMATION_FORMAT = dwarf;
				ENABLE_STRICT_OBJC_MSGSEND = YES;
				ENABLE_TESTABILITY = YES;
				GCC_C_LANGUAGE_STANDARD = gnu11;
				GCC_DYNAMIC_NO_PIC = NO;
				GCC_NO_COMMON_BLOCKS = YES;
				GCC_OPTIMIZATION_LEVEL = 0;
				GCC_PREPROCESSOR_DEFINITIONS = (
					"DEBUG=1",
					"$(inherited)",
				);
				GCC_WARN_64_TO_32_BIT_CONVERSION = YES;
				GCC_WARN_ABOUT_RETURN_TYPE = YES_ERROR;
				GCC_WARN_UNDECLARED_SELECTOR = YES;
				GCC_WARN_UNINITIALIZED_AUTOS = YES_AGGRESSIVE;
				GCC_WARN_UNUSED_FUNCTION = YES;
				GCC_WARN_UNUSED_VARIABLE = YES;
				MACOSX_DEPLOYMENT_TARGET = 10.14;
				MTL_ENABLE_DEBUG_INFO = INCLUDE_SOURCE;
				MTL_FAST_MATH = YES;
				ONLY_ACTIVE_ARCH = YES;
				SDKROOT = macosx;
				SWIFT_ACTIVE_COMPILATION_CONDITIONS = DEBUG;
				SWIFT_OPTIMIZATION_LEVEL = "-Onone";
			};
			name = Debug;
		};
		FE10E8412BD1C0BE007C397F /* Release */ = {
			isa = XCBuildConfiguration;
			buildSettings = {
				ALWAYS_SEARCH_USER_PATHS = NO;
				CLANG_ANALYZER_NONNULL = YES;
				CLANG_ANALYZER_NUMBER_OBJECT_CONVERSION = YES_AGGRESSIVE;
				CLANG_CXX_LANGUAGE_STANDARD = "gnu++14";
				CLANG_CXX_LIBRARY = "libc++";
				CLANG_ENABLE_MODULES = YES;
				CLANG_ENABLE_OBJC_ARC = YES;
				CLANG_ENABLE_OBJC_WEAK = YES;
				CLANG_WARN_BLOCK_CAPTURE_AUTORELEASING = YES;
				CLANG_WARN_BOOL_CONVERSION = YES;
				CLANG_WARN_COMMA = YES;
				CLANG_WARN_CONSTANT_CONVERSION = YES;
				CLANG_WARN_DEPRECATED_OBJC_IMPLEMENTATIONS = YES;
				CLANG_WARN_DIRECT_OBJC_ISA_USAGE = YES_ERROR;
				CLANG_WARN_DOCUMENTATION_COMMENTS = YES;
				CLANG_WARN_EMPTY_BODY = YES;
				CLANG_WARN_ENUM_CONVERSION = YES;
				CLANG_WARN_INFINITE_RECURSION = YES;
				CLANG_WARN_INT_CONVERSION = YES;
				CLANG_WARN_NON_LITERAL_NULL_CONVERSION = YES;
				CLANG_WARN_OBJC_IMPLICIT_RETAIN_SELF = YES;
				CLANG_WARN_OBJC_LITERAL_CONVERSION = YES;
				CLANG_WARN_OBJC_ROOT_CLASS = YES_ERROR;
				CLANG_WARN_RANGE_LOOP_ANALYSIS = YES;
				CLANG_WARN_STRICT_PROTOTYPES = YES;
				CLANG_WARN_SUSPICIOUS_MOVE = YES;
				CLANG_WARN_UNGUARDED_AVAILABILITY = YES_AGGRESSIVE;
				CLANG_WARN_UNREACHABLE_CODE = YES;
				CLANG_WARN__DUPLICATE_METHOD_MATCH = YES;
				COPY_PHASE_STRIP = NO;
				DEBUG_INFORMATION_FORMAT = "dwarf-with-dsym";
				ENABLE_NS_ASSERTIONS = NO;
				ENABLE_STRICT_OBJC_MSGSEND = YES;
				GCC_C_LANGUAGE_STANDARD = gnu11;
				GCC_NO_COMMON_BLOCKS = YES;
				GCC_WARN_64_TO_32_BIT_CONVERSION = YES;
				GCC_WARN_ABOUT_RETURN_TYPE = YES_ERROR;
				GCC_WARN_UNDECLARED_SELECTOR = YES;
				GCC_WARN_UNINITIALIZED_AUTOS = YES_AGGRESSIVE;
				GCC_WARN_UNUSED_FUNCTION = YES;
				GCC_WARN_UNUSED_VARIABLE = YES;
				MACOSX_DEPLOYMENT_TARGET = 10.14;
				MTL_ENABLE_DEBUG_INFO = NO;
				MTL_FAST_MATH = YES;
				SDKROOT = macosx;
				SWIFT_COMPILATION_MODE = wholemodule;
				SWIFT_OPTIMIZATION_LEVEL = "-O";
			};
			name = Release;
		};
		FE10E8432BD1C0BE007C397F /* Debug */ = {
			isa = XCBuildConfiguration;
			buildSettings = {
				ASSETCATALOG_COMPILER_APPICON_NAME = AppIcon;
				CODE_SIGN_ENTITLEMENTS = DirtyJSONMacOSAppDemo/DirtyJSONMacOSAppDemo.entitlements;
				CODE_SIGN_STYLE = Automatic;
				COMBINE_HIDPI_IMAGES = YES;
				INFOPLIST_FILE = DirtyJSONMacOSAppDemo/Info.plist;
				LD_RUNPATH_SEARCH_PATHS = (
					"$(inherited)",
					"@executable_path/../Frameworks",
				);
				PRODUCT_BUNDLE_IDENTIFIER = im.wuyu.DirtyJSONMacOSAppDemo;
				PRODUCT_NAME = "$(TARGET_NAME)";
				SWIFT_VERSION = 5.0;
			};
			name = Debug;
		};
		FE10E8442BD1C0BE007C397F /* Release */ = {
			isa = XCBuildConfiguration;
			buildSettings = {
				ASSETCATALOG_COMPILER_APPICON_NAME = AppIcon;
				CODE_SIGN_ENTITLEMENTS = DirtyJSONMacOSAppDemo/DirtyJSONMacOSAppDemo.entitlements;
				CODE_SIGN_STYLE = Automatic;
				COMBINE_HIDPI_IMAGES = YES;
				INFOPLIST_FILE = DirtyJSONMacOSAppDemo/Info.plist;
				LD_RUNPATH_SEARCH_PATHS = (
					"$(inherited)",
					"@executable_path/../Frameworks",
				);
				PRODUCT_BUNDLE_IDENTIFIER = im.wuyu.DirtyJSONMacOSAppDemo;
				PRODUCT_NAME = "$(TARGET_NAME)";
				SWIFT_VERSION = 5.0;
			};
			name = Release;
		};
		FE10E8462BD1C0BE007C397F /* Debug */ = {
			isa = XCBuildConfiguration;
			buildSettings = {
				ALWAYS_EMBED_SWIFT_STANDARD_LIBRARIES = YES;
				BUNDLE_LOADER = "$(TEST_HOST)";
				CODE_SIGN_STYLE = Automatic;
				COMBINE_HIDPI_IMAGES = YES;
				INFOPLIST_FILE = DirtyJSONMacOSAppDemoTests/Info.plist;
				LD_RUNPATH_SEARCH_PATHS = (
					"$(inherited)",
					"@executable_path/../Frameworks",
					"@loader_path/../Frameworks",
				);
				MACOSX_DEPLOYMENT_TARGET = 10.14;
				PRODUCT_BUNDLE_IDENTIFIER = im.wuyu.DirtyJSONMacOSAppDemoTests;
				PRODUCT_NAME = "$(TARGET_NAME)";
				SWIFT_VERSION = 5.0;
				TEST_HOST = "$(BUILT_PRODUCTS_DIR)/DirtyJSONMacOSAppDemo.app/Contents/MacOS/DirtyJSONMacOSAppDemo";
			};
			name = Debug;
		};
		FE10E8472BD1C0BE007C397F /* Release */ = {
			isa = XCBuildConfiguration;
			buildSettings = {
				ALWAYS_EMBED_SWIFT_STANDARD_LIBRARIES = YES;
				BUNDLE_LOADER = "$(TEST_HOST)";
				CODE_SIGN_STYLE = Automatic;
				COMBINE_HIDPI_IMAGES = YES;
				INFOPLIST_FILE = DirtyJSONMacOSAppDemoTests/Info.plist;
				LD_RUNPATH_SEARCH_PATHS = (
					"$(inherited)",
					"@executable_path/../Frameworks",
					"@loader_path/../Frameworks",
				);
				MACOSX_DEPLOYMENT_TARGET = 10.14;
				PRODUCT_BUNDLE_IDENTIFIER = im.wuyu.DirtyJSONMacOSAppDemoTests;
				PRODUCT_NAME = "$(TARGET_NAME)";
				SWIFT_VERSION = 5.0;
				TEST_HOST = "$(BUILT_PRODUCTS_DIR)/DirtyJSONMacOSAppDemo.app/Contents/MacOS/DirtyJSONMacOSAppDemo";
			};
			name = Release;
		};
		FE10E8492BD1C0BE007C397F /* Debug */ = {
			isa = XCBuildConfiguration;
			buildSettings = {
				ALWAYS_EMBED_SWIFT_STANDARD_LIBRARIES = YES;
				CODE_SIGN_STYLE = Automatic;
				COMBINE_HIDPI_IMAGES = YES;
				INFOPLIST_FILE = DirtyJSONMacOSAppDemoUITests/Info.plist;
				LD_RUNPATH_SEARCH_PATHS = (
					"$(inherited)",
					"@executable_path/../Frameworks",
					"@loader_path/../Frameworks",
				);
				PRODUCT_BUNDLE_IDENTIFIER = im.wuyu.DirtyJSONMacOSAppDemoUITests;
				PRODUCT_NAME = "$(TARGET_NAME)";
				SWIFT_VERSION = 5.0;
				TEST_TARGET_NAME = DirtyJSONMacOSAppDemo;
			};
			name = Debug;
		};
		FE10E84A2BD1C0BE007C397F /* Release */ = {
			isa = XCBuildConfiguration;
			buildSettings = {
				ALWAYS_EMBED_SWIFT_STANDARD_LIBRARIES = YES;
				CODE_SIGN_STYLE = Automatic;
				COMBINE_HIDPI_IMAGES = YES;
				INFOPLIST_FILE = DirtyJSONMacOSAppDemoUITests/Info.plist;
				LD_RUNPATH_SEARCH_PATHS = (
					"$(inherited)",
					"@executable_path/../Frameworks",
					"@loader_path/../Frameworks",
				);
				PRODUCT_BUNDLE_IDENTIFIER = im.wuyu.DirtyJSONMacOSAppDemoUITests;
				PRODUCT_NAME = "$(TARGET_NAME)";
				SWIFT_VERSION = 5.0;
				TEST_TARGET_NAME = DirtyJSONMacOSAppDemo;
			};
			name = Release;
		};
/* End XCBuildConfiguration section */

/* Begin XCConfigurationList section */
		FE10E8192BD1C0BD007C397F /* Build configuration list for PBXProject "DirtyJSONMacOSAppDemo" */ = {
			isa = XCConfigurationList;
			buildConfigurations = (
				FE10E8402BD1C0BE007C397F /* Debug */,
				FE10E8412BD1C0BE007C397F /* Release */,
			);
			defaultConfigurationIsVisible = 0;
			defaultConfigurationName = Release;
		};
		FE10E8422BD1C0BE007C397F /* Build configuration list for PBXNativeTarget "DirtyJSONMacOSAppDemo" */ = {
			isa = XCConfigurationList;
			buildConfigurations = (
				FE10E8432BD1C0BE007C397F /* Debug */,
				FE10E8442BD1C0BE007C397F /* Release */,
			);
			defaultConfigurationIsVisible = 0;
			defaultConfigurationName = Release;
		};
		FE10E8452BD1C0BE007C397F /* Build configuration list for PBXNativeTarget "DirtyJSONMacOSAppDemoTests" */ = {
			isa = XCConfigurationList;
			buildConfigurations = (
				FE10E8462BD1C0BE007C397F /* Debug */,
				FE10E8472BD1C0BE007C397F /* Release */,
			);
			defaultConfigurationIsVisible = 0;
			defaultConfigurationName = Release;
		};
		FE10E8482BD1C0BE007C397F /* Build configuration list for PBXNativeTarget "DirtyJSONMacOSAppDemoUITests" */ = {
			isa = XCConfigurationList;
			buildConfigurations = (
				FE10E8492BD1C0BE007C397F /* Debug */,
				FE10E84A2BD1C0BE007C397F /* Release */,
			);
			defaultConfigurationIsVisible = 0;
			defaultConfigurationName = Release;
		};
/* End XCConfigurationList section */
	};
	rootObject = FE10E8162BD1C0BD007C397F /* Project object */;
}
